{
  "nodes": {
    "home-manager": {
      "inputs": {
        "nixpkgs": "nixpkgs"
      },
      "locked": {
        "lastModified": 1704980875,
        "narHash": "sha256-IPZmMjk5f4TBbEpzUFBc3OC1W6OwDNEXk2w/0uVXX1o=",
        "owner": "nix-community",
        "repo": "home-manager",
        "rev": "5f0ab0eedc6ede69beb8f45561ffefa54edc6e65",
        "type": "github"
      },
      "original": {
        "owner": "nix-community",
        "ref": "release-23.11",
        "repo": "home-manager",
        "type": "github"
      }
    },
    "nix-darwin": {
      "inputs": {
        "nixpkgs": [
          "nixpkgs"
        ]
      },
      "locked": {
        "lastModified": 1704277720,
        "narHash": "sha256-meAKNgmh3goankLGWqqpw73pm9IvXjEENJloF0coskE=",
        "owner": "LnL7",
        "repo": "nix-darwin",
        "rev": "0dd382b70c351f528561f71a0a7df82c9d2be9a4",
        "type": "github"
      },
      "original": {
        "owner": "LnL7",
        "repo": "nix-darwin",
        "type": "github"
      }
    },
    "nixpkgs": {
      "locked": {
        "lastModified": 1701718080,
        "narHash": "sha256-6ovz0pG76dE0P170pmmZex1wWcQoeiomUZGggfH9XPs=",
        "owner": "NixOS",
        "repo": "nixpkgs",
        "rev": "2c7f3c0fb7c08a0814627611d9d7d45ab6d75335",
        "type": "github"
      },
      "original": {
        "owner": "NixOS",
        "ref": "nixos-unstable",
        "repo": "nixpkgs",
        "type": "github"
      }
    },
    "nixpkgs_2": {
      "locked": {
        "lastModified": 1704884582,
        "narHash": "sha256-vLZko1MngM8/Onghu8g8zocupJEUFR4n1zw73kxTWb8=",
        "owner": "NixOS",
        "repo": "nixpkgs",
        "rev": "a1fc22b2efdeba72b0519ac1548ec3c26e7f7b13",
        "type": "github"
      },
      "original": {
        "owner": "NixOS",
        "ref": "nixpkgs-23.11-darwin",
        "repo": "nixpkgs",
        "type": "github"
      }
    },
    "root": {
      "inputs": {
        "home-manager": "home-manager",
        "nix-darwin": "nix-darwin",
        "nixpkgs": "nixpkgs_2"
      }
    }
  },
  "root": "root",
  "version": 7
}
